
Microsoft Visual Studio Solution File, Format Version 12.00
# Visual Studio Version 17
VisualStudioVersion = 17.14.36511.14
MinimumVisualStudioVersion = 10.0.40219.1
Project("{2150E333-8FDC-42A3-9474-1A3956D46DE8}") = "Applications", "Applications", "{02EA681E-C7D8-13C7-8484-4AC65E1B71E8}"
EndProject
Project("{2150E333-8FDC-42A3-9474-1A3956D46DE8}") = "Libraries", "Libraries", "{0F643181-E358-4544-8A5D-EF811AE873A2}"
EndProject
Project("{FAE04EC0-301F-11D3-BF4B-00C04F79EFBC}") = "SV22T1080069.Admin", "SV22T1080069.Admin\SV22T1080069.Admin.csproj", "{61BE223B-B1A4-4E77-B305-10338210346E}"
EndProject
Project("{FAE04EC0-301F-11D3-BF4B-00C04F79EFBC}") = "SV22T1080069.DomainModels", "SV22T1080069.DomainModels\SV22T1080069.DomainModels.csproj", "{8B2CE9BB-A77A-46F4-A608-BBA7CAEE6F72}"
EndProject
Project("{FAE04EC0-301F-11D3-BF4B-00C04F79EFBC}") = "SV22T1080069.DataLayers", "SV22T1080069.DataLayers\SV22T1080069.DataLayers.csproj", "{E69FB6A5-CF89-4B66-8452-95F8B6AABFEC}"
EndProject
Project("{FAE04EC0-301F-11D3-BF4B-00C04F79EFBC}") = "SV22T1080069.BusinessLayers", "SV22T1080069.BusinessLayers\SV22T1080069.BusinessLayers.csproj", "{69DE3EF2-78C0-4812-B523-2B0BD9A4D1C2}"
EndProject
Project("{FAE04EC0-301F-11D3-BF4B-00C04F79EFBC}") = "SV22T1080069.Shop", "SV22T1080069.Shop\SV22T1080069.Shop.csproj", "{419D0182-BF32-4C25-8778-886CF1D1796C}"
EndProject
Global
	GlobalSection(SolutionConfigurationPlatforms) = preSolution
		Debug|Any CPU = Debug|Any CPU
		Release|Any CPU = Release|Any CPU
	EndGlobalSection
	GlobalSection(ProjectConfigurationPlatforms) = postSolution
		{61BE223B-B1A4-4E77-B305-10338210346E}.Debug|Any CPU.ActiveCfg = Debug|Any CPU
		{61BE223B-B1A4-4E77-B305-10338210346E}.Debug|Any CPU.Build.0 = Debug|Any CPU
		{61BE223B-B1A4-4E77-B305-10338210346E}.Release|Any CPU.ActiveCfg = Release|Any CPU
		{61BE223B-B1A4-4E77-B305-10338210346E}.Release|Any CPU.Build.0 = Release|Any CPU
		{8B2CE9BB-A77A-46F4-A608-BBA7CAEE6F72}.Debug|Any CPU.ActiveCfg = Debug|Any CPU
		{8B2CE9BB-A77A-46F4-A608-BBA7CAEE6F72}.Debug|Any CPU.Build.0 = Debug|Any CPU
		{8B2CE9BB-A77A-46F4-A608-BBA7CAEE6F72}.Release|Any CPU.ActiveCfg = Release|Any CPU
		{8B2CE9BB-A77A-46F4-A608-BBA7CAEE6F72}.Release|Any CPU.Build.0 = Release|Any CPU
		{E69FB6A5-CF89-4B66-8452-95F8B6AABFEC}.Debug|Any CPU.ActiveCfg = Debug|Any CPU
		{E69FB6A5-CF89-4B66-8452-95F8B6AABFEC}.Debug|Any CPU.Build.0 = Debug|Any CPU
		{E69FB6A5-CF89-4B66-8452-95F8B6AABFEC}.Release|Any CPU.ActiveCfg = Release|Any CPU
		{E69FB6A5-CF89-4B66-8452-95F8B6AABFEC}.Release|Any CPU.Build.0 = Release|Any CPU
		{69DE3EF2-78C0-4812-B523-2B0BD9A4D1C2}.Debug|Any CPU.ActiveCfg = Debug|Any CPU
		{69DE3EF2-78C0-4812-B523-2B0BD9A4D1C2}.Debug|Any CPU.Build.0 = Debug|Any CPU
		{69DE3EF2-78C0-4812-B523-2B0BD9A4D1C2}.Release|Any CPU.ActiveCfg = Release|Any CPU
		{69DE3EF2-78C0-4812-B523-2B0BD9A4D1C2}.Release|Any CPU.Build.0 = Release|Any CPU
		{419D0182-BF32-4C25-8778-886CF1D1796C}.Debug|Any CPU.ActiveCfg = Debug|Any CPU
		{419D0182-BF32-4C25-8778-886CF1D1796C}.Debug|Any CPU.Build.0 = Debug|Any CPU
		{419D0182-BF32-4C25-8778-886CF1D1796C}.Release|Any CPU.ActiveCfg = Release|Any CPU
		{419D0182-BF32-4C25-8778-886CF1D1796C}.Release|Any CPU.Build.0 = Release|Any CPU
	EndGlobalSection
	GlobalSection(SolutionProperties) = preSolution
		HideSolutionNode = FALSE
	EndGlobalSection
	GlobalSection(NestedProjects) = preSolution
		{61BE223B-B1A4-4E77-B305-10338210346E} = {02EA681E-C7D8-13C7-8484-4AC65E1B71E8}
		{8B2CE9BB-A77A-46F4-A608-BBA7CAEE6F72} = {0F643181-E358-4544-8A5D-EF811AE873A2}
		{E69FB6A5-CF89-4B66-8452-95F8B6AABFEC} = {0F643181-E358-4544-8A5D-EF811AE873A2}
		{69DE3EF2-78C0-4812-B523-2B0BD9A4D1C2} = {0F643181-E358-4544-8A5D-EF811AE873A2}
		{419D0182-BF32-4C25-8778-886CF1D1796C} = {02EA681E-C7D8-13C7-8484-4AC65E1B71E8}
	EndGlobalSection
	GlobalSection(ExtensibilityGlobals) = postSolution
		SolutionGuid = {A18E3BE8-1CC2-4C91-9A08-F05955903FD0}
	EndGlobalSection
EndGlobal
